dependencies:
  '@types/react': 16.9.49
  tslib: 2.0.1
devDependencies:
  react: 16.12.0
  typescript: 4.0.2
lockfileVersion: 5.1
packages:
  /@types/prop-types/15.7.3:
    dev: false
    resolution:
      integrity: sha512-KfRL3PuHmqQLOG+2tGpRO26Ctg+Cq1E01D2DMriKEATHgWLfeNDmq9e29Q9WIky0dQ3NPkd1mzYH8Lm936Z9qw==
  /@types/react/16.9.49:
    dependencies:
      '@types/prop-types': 15.7.3
      csstype: 3.0.3
    dev: false
    resolution:
      integrity: sha512-DtLFjSj0OYAdVLBbyjhuV9CdGVHCkHn2R+xr3XkBvK2rS1Y1tkc14XSGjYgm5Fjjr90AxH9tiSzc1pCFMGO06g==
  /csstype/3.0.3:
    dev: false
    resolution:
      integrity: sha512-jPl+wbWPOWJ7SXsWyqGRk3lGecbar0Cb0OvZF/r/ZU011R4YqiRehgkQ9p4eQfo9DSDLqLL3wHwfxeJiuIsNag==
  /js-tokens/4.0.0:
    dev: true
    resolution:
      integrity: sha512-RdJUflcE3cUzKiMqQgsCu06FPu9UdIJO0beYbPhHN4k6apgJtifcoCtT9bcxOpYBtpD2kCM6Sbzg4CausW/PKQ==
  /loose-envify/1.4.0:
    dependencies:
      js-tokens: 4.0.0
    dev: true
    hasBin: true
    resolution:
      integrity: sha512-lyuxPGr/Wfhrlem2CL/UcnUc1zcqKAImBDzukY7Y5F/yQiNdko6+fRLevlw1HgMySw7f611UIY408EtxRSoK3Q==
  /object-assign/4.1.1:
    dev: true
    engines:
      node: '>=0.10.0'
    resolution:
      integrity: sha1-IQmtx5ZYh8/AXLvUQsrIv7s2CGM=
  /prop-types/15.7.2:
    dependencies:
      loose-envify: 1.4.0
      object-assign: 4.1.1
      react-is: 16.12.0
    dev: true
    resolution:
      integrity: sha512-8QQikdH7//R2vurIJSutZ1smHYTcLpRWEOlHnzcWHmBYrOGUysKwSsrC89BCiFj3CbrfJ/nXFdJepOVrY1GCHQ==
  /react-is/16.12.0:
    dev: true
    resolution:
      integrity: sha512-rPCkf/mWBtKc97aLL9/txD8DZdemK0vkA3JMLShjlJB3Pj3s+lpf1KaBzMfQrAmhMQB0n1cU/SUGgKKBCe837Q==
  /react/16.12.0:
    dependencies:
      loose-envify: 1.4.0
      object-assign: 4.1.1
      prop-types: 15.7.2
    dev: true
    engines:
      node: '>=0.10.0'
    resolution:
      integrity: sha512-fglqy3k5E+81pA8s+7K0/T3DBCF0ZDOher1elBFzF7O6arXJgzyu/FW+COxFvAWXJoJN9KIZbT2LXlukwphYTA==
  /tslib/2.0.1:
    dev: false
    resolution:
      integrity: sha512-SgIkNheinmEBgx1IUNirK0TUD4X9yjjBRTqqjggWCU3pUEqIk3/Uwl3yRixYKT6WjQuGiwDv4NomL3wqRCj+CQ==
  /typescript/4.0.2:
    dev: true
    engines:
      node: '>=4.2.0'
    hasBin: true
    resolution:
      integrity: sha512-e4ERvRV2wb+rRZ/IQeb3jm2VxBsirQLpQhdxplZ2MEzGvDkkMmPglecnNDfSUBivMjP93vRbngYYDQqQ/78bcQ==
specifiers:
  '@types/react': ^16.9.49
  react: '*'
  tslib: ^2.0.1
  typescript: ^4.0.2
